{
  "object": {
    "pins": [
      {
        "package": "SupportCode",
        "repositoryURL": "https://github.com/LudvigShtirner/SupportCode.git",
        "state": {
          "branch": "main",
          "revision": "1069dc0f857518b382c68970708f7ce0ef6ef72c",
          "version": null
        }
      }
    ]
  },
  "version": 1
}
