// !$*UTF8*$!
{
	archiveVersion = 1;
	classes = {
	};
	objectVersion = 55;
	objects = {

/* Begin PBXBuildFile section */
		509FE9A22812595C00F1E35B /* AppDelegate.swift in Sources */ = {isa = PBXBuildFile; fileRef = 509FE9A12812595C00F1E35B /* AppDelegate.swift */; };
		509FE9A42812595C00F1E35B /* SceneDelegate.swift in Sources */ = {isa = PBXBuildFile; fileRef = 509FE9A32812595C00F1E35B /* SceneDelegate.swift */; };
		509FE9A62812595C00F1E35B /* ViewController.swift in Sources */ = {isa = PBXBuildFile; fileRef = 509FE9A52812595C00F1E35B /* ViewController.swift */; };
		509FE9A92812595C00F1E35B /* Main.storyboard in Resources */ = {isa = PBXBuildFile; fileRef = 509FE9A72812595C00F1E35B /* Main.storyboard */; };
		509FE9AB2812595D00F1E35B /* Assets.xcassets in Resources */ = {isa = PBXBuildFile; fileRef = 509FE9AA2812595D00F1E35B /* Assets.xcassets */; };
		509FE9AE2812595D00F1E35B /* LaunchScreen.storyboard in Resources */ = {isa = PBXBuildFile; fileRef = 509FE9AC2812595D00F1E35B /* LaunchScreen.storyboard */; };
		509FE9D2281259D600F1E35B /* RootViewModelImpl.swift in Sources */ = {isa = PBXBuildFile; fileRef = 509FE9B7281259D500F1E35B /* RootViewModelImpl.swift */; };
		509FE9D3281259D600F1E35B /* RootViewModel.swift in Sources */ = {isa = PBXBuildFile; fileRef = 509FE9B8281259D500F1E35B /* RootViewModel.swift */; };
		509FE9D4281259D600F1E35B /* RootViewController.swift in Sources */ = {isa = PBXBuildFile; fileRef = 509FE9BA281259D500F1E35B /* RootViewController.swift */; };
		509FE9D5281259D600F1E35B /* RootLocalization.swift in Sources */ = {isa = PBXBuildFile; fileRef = 509FE9BC281259D500F1E35B /* RootLocalization.swift */; };
		509FE9D6281259D600F1E35B /* RootLocalization.strings in Resources */ = {isa = PBXBuildFile; fileRef = 509FE9BD281259D500F1E35B /* RootLocalization.strings */; };
		509FE9D7281259D600F1E35B /* RootFlowFactory.swift in Sources */ = {isa = PBXBuildFile; fileRef = 509FE9C0281259D500F1E35B /* RootFlowFactory.swift */; };
		509FE9D8281259D600F1E35B /* RootCoordinator.swift in Sources */ = {isa = PBXBuildFile; fileRef = 509FE9C1281259D500F1E35B /* RootCoordinator.swift */; };
		509FE9D9281259D600F1E35B /* RootModuleFactory.swift in Sources */ = {isa = PBXBuildFile; fileRef = 509FE9C2281259D500F1E35B /* RootModuleFactory.swift */; };
		509FE9DA281259D600F1E35B /* ChildViewModelImpl.swift in Sources */ = {isa = PBXBuildFile; fileRef = 509FE9C5281259D500F1E35B /* ChildViewModelImpl.swift */; };
		509FE9DB281259D600F1E35B /* ChildViewModel.swift in Sources */ = {isa = PBXBuildFile; fileRef = 509FE9C6281259D500F1E35B /* ChildViewModel.swift */; };
		509FE9DC281259D600F1E35B /* ChildViewController.swift in Sources */ = {isa = PBXBuildFile; fileRef = 509FE9C8281259D500F1E35B /* ChildViewController.swift */; };
		509FE9DD281259D600F1E35B /* ChildCoordinator.swift in Sources */ = {isa = PBXBuildFile; fileRef = 509FE9C9281259D500F1E35B /* ChildCoordinator.swift */; };
		509FE9DE281259D600F1E35B /* ChildFlowFactory.swift in Sources */ = {isa = PBXBuildFile; fileRef = 509FE9CA281259D500F1E35B /* ChildFlowFactory.swift */; };
		509FE9DF281259D600F1E35B /* ChildModuleFactory.swift in Sources */ = {isa = PBXBuildFile; fileRef = 509FE9CB281259D500F1E35B /* ChildModuleFactory.swift */; };
		509FE9E0281259D600F1E35B /* CommonLocalization.strings in Resources */ = {isa = PBXBuildFile; fileRef = 509FE9CE281259D600F1E35B /* CommonLocalization.strings */; };
		509FE9E1281259D600F1E35B /* CommonLocalization.swift in Sources */ = {isa = PBXBuildFile; fileRef = 509FE9D0281259D600F1E35B /* CommonLocalization.swift */; };
		509FE9E428125A0800F1E35B /* ApplicationNavigation in Frameworks */ = {isa = PBXBuildFile; productRef = 509FE9E328125A0800F1E35B /* ApplicationNavigation */; };
/* End PBXBuildFile section */

/* Begin PBXFileReference section */
		509FE99E2812595C00F1E35B /* ApplicationNavigationExample.app */ = {isa = PBXFileReference; explicitFileType = wrapper.application; includeInIndex = 0; path = ApplicationNavigationExample.app; sourceTree = BUILT_PRODUCTS_DIR; };
		509FE9A12812595C00F1E35B /* AppDelegate.swift */ = {isa = PBXFileReference; lastKnownFileType = sourcecode.swift; path = AppDelegate.swift; sourceTree = "<group>"; };
		509FE9A32812595C00F1E35B /* SceneDelegate.swift */ = {isa = PBXFileReference; lastKnownFileType = sourcecode.swift; path = SceneDelegate.swift; sourceTree = "<group>"; };
		509FE9A52812595C00F1E35B /* ViewController.swift */ = {isa = PBXFileReference; lastKnownFileType = sourcecode.swift; path = ViewController.swift; sourceTree = "<group>"; };
		509FE9A82812595C00F1E35B /* Base */ = {isa = PBXFileReference; lastKnownFileType = file.storyboard; name = Base; path = Base.lproj/Main.storyboard; sourceTree = "<group>"; };
		509FE9AA2812595D00F1E35B /* Assets.xcassets */ = {isa = PBXFileReference; lastKnownFileType = folder.assetcatalog; path = Assets.xcassets; sourceTree = "<group>"; };
		509FE9AD2812595D00F1E35B /* Base */ = {isa = PBXFileReference; lastKnownFileType = file.storyboard; name = Base; path = Base.lproj/LaunchScreen.storyboard; sourceTree = "<group>"; };
		509FE9AF2812595D00F1E35B /* Info.plist */ = {isa = PBXFileReference; lastKnownFileType = text.plist.xml; path = Info.plist; sourceTree = "<group>"; };
		509FE9B7281259D500F1E35B /* RootViewModelImpl.swift */ = {isa = PBXFileReference; fileEncoding = 4; lastKnownFileType = sourcecode.swift; path = RootViewModelImpl.swift; sourceTree = "<group>"; };
		509FE9B8281259D500F1E35B /* RootViewModel.swift */ = {isa = PBXFileReference; fileEncoding = 4; lastKnownFileType = sourcecode.swift; path = RootViewModel.swift; sourceTree = "<group>"; };
		509FE9BA281259D500F1E35B /* RootViewController.swift */ = {isa = PBXFileReference; fileEncoding = 4; lastKnownFileType = sourcecode.swift; path = RootViewController.swift; sourceTree = "<group>"; };
		509FE9BC281259D500F1E35B /* RootLocalization.swift */ = {isa = PBXFileReference; fileEncoding = 4; lastKnownFileType = sourcecode.swift; path = RootLocalization.swift; sourceTree = "<group>"; };
		509FE9BE281259D500F1E35B /* en */ = {isa = PBXFileReference; lastKnownFileType = text.plist.strings; name = en; path = en.lproj/RootLocalization.strings; sourceTree = "<group>"; };
		509FE9BF281259D500F1E35B /* ru */ = {isa = PBXFileReference; lastKnownFileType = text.plist.strings; name = ru; path = ru.lproj/RootLocalization.strings; sourceTree = "<group>"; };
		509FE9C0281259D500F1E35B /* RootFlowFactory.swift */ = {isa = PBXFileReference; fileEncoding = 4; lastKnownFileType = sourcecode.swift; path = RootFlowFactory.swift; sourceTree = "<group>"; };
		509FE9C1281259D500F1E35B /* RootCoordinator.swift */ = {isa = PBXFileReference; fileEncoding = 4; lastKnownFileType = sourcecode.swift; path = RootCoordinator.swift; sourceTree = "<group>"; };
		509FE9C2281259D500F1E35B /* RootModuleFactory.swift */ = {isa = PBXFileReference; fileEncoding = 4; lastKnownFileType = sourcecode.swift; path = RootModuleFactory.swift; sourceTree = "<group>"; };
		509FE9C5281259D500F1E35B /* ChildViewModelImpl.swift */ = {isa = PBXFileReference; fileEncoding = 4; lastKnownFileType = sourcecode.swift; path = ChildViewModelImpl.swift; sourceTree = "<group>"; };
		509FE9C6281259D500F1E35B /* ChildViewModel.swift */ = {isa = PBXFileReference; fileEncoding = 4; lastKnownFileType = sourcecode.swift; path = ChildViewModel.swift; sourceTree = "<group>"; };
		509FE9C8281259D500F1E35B /* ChildViewController.swift */ = {isa = PBXFileReference; fileEncoding = 4; lastKnownFileType = sourcecode.swift; path = ChildViewController.swift; sourceTree = "<group>"; };
		509FE9C9281259D500F1E35B /* ChildCoordinator.swift */ = {isa = PBXFileReference; fileEncoding = 4; lastKnownFileType = sourcecode.swift; path = ChildCoordinator.swift; sourceTree = "<group>"; };
		509FE9CA281259D500F1E35B /* ChildFlowFactory.swift */ = {isa = PBXFileReference; fileEncoding = 4; lastKnownFileType = sourcecode.swift; path = ChildFlowFactory.swift; sourceTree = "<group>"; };
		509FE9CB281259D500F1E35B /* ChildModuleFactory.swift */ = {isa = PBXFileReference; fileEncoding = 4; lastKnownFileType = sourcecode.swift; path = ChildModuleFactory.swift; sourceTree = "<group>"; };
		509FE9CF281259D600F1E35B /* en */ = {isa = PBXFileReference; lastKnownFileType = text.plist.strings; name = en; path = en.lproj/CommonLocalization.strings; sourceTree = "<group>"; };
		509FE9D0281259D600F1E35B /* CommonLocalization.swift */ = {isa = PBXFileReference; fileEncoding = 4; lastKnownFileType = sourcecode.swift; path = CommonLocalization.swift; sourceTree = "<group>"; };
		509FE9D1281259D600F1E35B /* ru */ = {isa = PBXFileReference; lastKnownFileType = text.plist.strings; name = ru; path = ru.lproj/CommonLocalization.strings; sourceTree = "<group>"; };
/* End PBXFileReference section */

/* Begin PBXFrameworksBuildPhase section */
		509FE99B2812595C00F1E35B /* Frameworks */ = {
			isa = PBXFrameworksBuildPhase;
			buildActionMask = 2147483647;
			files = (
				509FE9E428125A0800F1E35B /* ApplicationNavigation in Frameworks */,
			);
			runOnlyForDeploymentPostprocessing = 0;
		};
/* End PBXFrameworksBuildPhase section */

/* Begin PBXGroup section */
		509FE9952812595C00F1E35B = {
			isa = PBXGroup;
			children = (
				509FE9A02812595C00F1E35B /* ApplicationNavigationExample */,
				509FE99F2812595C00F1E35B /* Products */,
			);
			sourceTree = "<group>";
		};
		509FE99F2812595C00F1E35B /* Products */ = {
			isa = PBXGroup;
			children = (
				509FE99E2812595C00F1E35B /* ApplicationNavigationExample.app */,
			);
			name = Products;
			sourceTree = "<group>";
		};
		509FE9A02812595C00F1E35B /* ApplicationNavigationExample */ = {
			isa = PBXGroup;
			children = (
				509FE9A12812595C00F1E35B /* AppDelegate.swift */,
				509FE9AA2812595D00F1E35B /* Assets.xcassets */,
				509FE9C3281259D500F1E35B /* Child */,
				509FE9CC281259D500F1E35B /* Common */,
				509FE9AF2812595D00F1E35B /* Info.plist */,
				509FE9AC2812595D00F1E35B /* LaunchScreen.storyboard */,
				509FE9A72812595C00F1E35B /* Main.storyboard */,
				509FE9B5281259D500F1E35B /* Root */,
				509FE9A32812595C00F1E35B /* SceneDelegate.swift */,
				509FE9A52812595C00F1E35B /* ViewController.swift */,
			);
			path = ApplicationNavigationExample;
			sourceTree = "<group>";
		};
		509FE9B5281259D500F1E35B /* Root */ = {
			isa = PBXGroup;
			children = (
				509FE9B6281259D500F1E35B /* ViewModel */,
				509FE9B9281259D500F1E35B /* UI */,
				509FE9C0281259D500F1E35B /* RootFlowFactory.swift */,
				509FE9C1281259D500F1E35B /* RootCoordinator.swift */,
				509FE9C2281259D500F1E35B /* RootModuleFactory.swift */,
			);
			path = Root;
			sourceTree = "<group>";
		};
		509FE9B6281259D500F1E35B /* ViewModel */ = {
			isa = PBXGroup;
			children = (
				509FE9B7281259D500F1E35B /* RootViewModelImpl.swift */,
				509FE9B8281259D500F1E35B /* RootViewModel.swift */,
			);
			path = ViewModel;
			sourceTree = "<group>";
		};
		509FE9B9281259D500F1E35B /* UI */ = {
			isa = PBXGroup;
			children = (
				509FE9BA281259D500F1E35B /* RootViewController.swift */,
				509FE9BB281259D500F1E35B /* Resources */,
			);
			path = UI;
			sourceTree = "<group>";
		};
		509FE9BB281259D500F1E35B /* Resources */ = {
			isa = PBXGroup;
			children = (
				509FE9BC281259D500F1E35B /* RootLocalization.swift */,
				509FE9BD281259D500F1E35B /* RootLocalization.strings */,
			);
			path = Resources;
			sourceTree = "<group>";
		};
		509FE9C3281259D500F1E35B /* Child */ = {
			isa = PBXGroup;
			children = (
				509FE9C4281259D500F1E35B /* ViewModel */,
				509FE9C7281259D500F1E35B /* UI */,
				509FE9C9281259D500F1E35B /* ChildCoordinator.swift */,
				509FE9CA281259D500F1E35B /* ChildFlowFactory.swift */,
				509FE9CB281259D500F1E35B /* ChildModuleFactory.swift */,
			);
			path = Child;
			sourceTree = "<group>";
		};
		509FE9C4281259D500F1E35B /* ViewModel */ = {
			isa = PBXGroup;
			children = (
				509FE9C5281259D500F1E35B /* ChildViewModelImpl.swift */,
				509FE9C6281259D500F1E35B /* ChildViewModel.swift */,
			);
			path = ViewModel;
			sourceTree = "<group>";
		};
		509FE9C7281259D500F1E35B /* UI */ = {
			isa = PBXGroup;
			children = (
				509FE9C8281259D500F1E35B /* ChildViewController.swift */,
			);
			path = UI;
			sourceTree = "<group>";
		};
		509FE9CC281259D500F1E35B /* Common */ = {
			isa = PBXGroup;
			children = (
				509FE9CD281259D600F1E35B /* Localization */,
			);
			path = Common;
			sourceTree = "<group>";
		};
		509FE9CD281259D600F1E35B /* Localization */ = {
			isa = PBXGroup;
			children = (
				509FE9CE281259D600F1E35B /* CommonLocalization.strings */,
				509FE9D0281259D600F1E35B /* CommonLocalization.swift */,
			);
			path = Localization;
			sourceTree = "<group>";
		};
/* End PBXGroup section */

/* Begin PBXNativeTarget section */
		509FE99D2812595C00F1E35B /* ApplicationNavigationExample */ = {
			isa = PBXNativeTarget;
			buildConfigurationList = 509FE9B22812595D00F1E35B /* Build configuration list for PBXNativeTarget "ApplicationNavigationExample" */;
			buildPhases = (
				509FE99A2812595C00F1E35B /* Sources */,
				509FE99B2812595C00F1E35B /* Frameworks */,
				509FE99C2812595C00F1E35B /* Resources */,
			);
			buildRules = (
			);
			dependencies = (
			);
			name = ApplicationNavigationExample;
			packageProductDependencies = (
				509FE9E328125A0800F1E35B /* ApplicationNavigation */,
			);
			productName = ApplicationNavigationExample;
			productReference = 509FE99E2812595C00F1E35B /* ApplicationNavigationExample.app */;
			productType = "com.apple.product-type.application";
		};
/* End PBXNativeTarget section */

/* Begin PBXProject section */
		509FE9962812595C00F1E35B /* Project object */ = {
			isa = PBXProject;
			attributes = {
				BuildIndependentTargetsInParallel = 1;
				LastSwiftUpdateCheck = 1320;
				LastUpgradeCheck = 1320;
				TargetAttributes = {
					509FE99D2812595C00F1E35B = {
						CreatedOnToolsVersion = 13.2.1;
					};
				};
			};
			buildConfigurationList = 509FE9992812595C00F1E35B /* Build configuration list for PBXProject "ApplicationNavigationExample" */;
			compatibilityVersion = "Xcode 13.0";
			developmentRegion = en;
			hasScannedForEncodings = 0;
			knownRegions = (
				en,
				Base,
				ru,
			);
			mainGroup = 509FE9952812595C00F1E35B;
			packageReferences = (
				509FE9E228125A0800F1E35B /* XCRemoteSwiftPackageReference "ApplicationNavigation" */,
			);
			productRefGroup = 509FE99F2812595C00F1E35B /* Products */;
			projectDirPath = "";
			projectRoot = "";
			targets = (
				509FE99D2812595C00F1E35B /* ApplicationNavigationExample */,
			);
		};
/* End PBXProject section */

/* Begin PBXResourcesBuildPhase section */
		509FE99C2812595C00F1E35B /* Resources */ = {
			isa = PBXResourcesBuildPhase;
			buildActionMask = 2147483647;
			files = (
				509FE9AE2812595D00F1E35B /* LaunchScreen.storyboard in Resources */,
				509FE9D6281259D600F1E35B /* RootLocalization.strings in Resources */,
				509FE9E0281259D600F1E35B /* CommonLocalization.strings in Resources */,
				509FE9AB2812595D00F1E35B /* Assets.xcassets in Resources */,
				509FE9A92812595C00F1E35B /* Main.storyboard in Resources */,
			);
			runOnlyForDeploymentPostprocessing = 0;
		};
/* End PBXResourcesBuildPhase section */

/* Begin PBXSourcesBuildPhase section */
		509FE99A2812595C00F1E35B /* Sources */ = {
			isa = PBXSourcesBuildPhase;
			buildActionMask = 2147483647;
			files = (
				509FE9D5281259D600F1E35B /* RootLocalization.swift in Sources */,
				509FE9D3281259D600F1E35B /* RootViewModel.swift in Sources */,
				509FE9D2281259D600F1E35B /* RootViewModelImpl.swift in Sources */,
				509FE9D4281259D600F1E35B /* RootViewController.swift in Sources */,
				509FE9D9281259D600F1E35B /* RootModuleFactory.swift in Sources */,
				509FE9DF281259D600F1E35B /* ChildModuleFactory.swift in Sources */,
				509FE9DC281259D600F1E35B /* ChildViewController.swift in Sources */,
				509FE9E1281259D600F1E35B /* CommonLocalization.swift in Sources */,
				509FE9D7281259D600F1E35B /* RootFlowFactory.swift in Sources */,
				509FE9DA281259D600F1E35B /* ChildViewModelImpl.swift in Sources */,
				509FE9DB281259D600F1E35B /* ChildViewModel.swift in Sources */,
				509FE9A62812595C00F1E35B /* ViewController.swift in Sources */,
				509FE9A22812595C00F1E35B /* AppDelegate.swift in Sources */,
				509FE9D8281259D600F1E35B /* RootCoordinator.swift in Sources */,
				509FE9A42812595C00F1E35B /* SceneDelegate.swift in Sources */,
				509FE9DE281259D600F1E35B /* ChildFlowFactory.swift in Sources */,
				509FE9DD281259D600F1E35B /* ChildCoordinator.swift in Sources */,
			);
			runOnlyForDeploymentPostprocessing = 0;
		};
/* End PBXSourcesBuildPhase section */

/* Begin PBXVariantGroup section */
		509FE9A72812595C00F1E35B /* Main.storyboard */ = {
			isa = PBXVariantGroup;
			children = (
				509FE9A82812595C00F1E35B /* Base */,
			);
			name = Main.storyboard;
			sourceTree = "<group>";
		};
		509FE9AC2812595D00F1E35B /* LaunchScreen.storyboard */ = {
			isa = PBXVariantGroup;
			children = (
				509FE9AD2812595D00F1E35B /* Base */,
			);
			name = LaunchScreen.storyboard;
			sourceTree = "<group>";
		};
		509FE9BD281259D500F1E35B /* RootLocalization.strings */ = {
			isa = PBXVariantGroup;
			children = (
				509FE9BE281259D500F1E35B /* en */,
				509FE9BF281259D500F1E35B /* ru */,
			);
			name = RootLocalization.strings;
			sourceTree = "<group>";
		};
		509FE9CE281259D600F1E35B /* CommonLocalization.strings */ = {
			isa = PBXVariantGroup;
			children = (
				509FE9CF281259D600F1E35B /* en */,
				509FE9D1281259D600F1E35B /* ru */,
			);
			name = CommonLocalization.strings;
			sourceTree = "<group>";
		};
/* End PBXVariantGroup section */

/* Begin XCBuildConfiguration section */
		509FE9B02812595D00F1E35B /* Debug */ = {
			isa = XCBuildConfiguration;
			buildSettings = {
				ALWAYS_SEARCH_USER_PATHS = NO;
				CLANG_ANALYZER_NONNULL = YES;
				CLANG_ANALYZER_NUMBER_OBJECT_CONVERSION = YES_AGGRESSIVE;
				CLANG_CXX_LANGUAGE_STANDARD = "gnu++17";
				CLANG_CXX_LIBRARY = "libc++";
				CLANG_ENABLE_MODULES = YES;
				CLANG_ENABLE_OBJC_ARC = YES;
				CLANG_ENABLE_OBJC_WEAK = YES;
				CLANG_WARN_BLOCK_CAPTURE_AUTORELEASING = YES;
				CLANG_WARN_BOOL_CONVERSION = YES;
				CLANG_WARN_COMMA = YES;
				CLANG_WARN_CONSTANT_CONVERSION = YES;
				CLANG_WARN_DEPRECATED_OBJC_IMPLEMENTATIONS = YES;
				CLANG_WARN_DIRECT_OBJC_ISA_USAGE = YES_ERROR;
				CLANG_WARN_DOCUMENTATION_COMMENTS = YES;
				CLANG_WARN_EMPTY_BODY = YES;
				CLANG_WARN_ENUM_CONVERSION = YES;
				CLANG_WARN_INFINITE_RECURSION = YES;
				CLANG_WARN_INT_CONVERSION = YES;
				CLANG_WARN_NON_LITERAL_NULL_CONVERSION = YES;
				CLANG_WARN_OBJC_IMPLICIT_RETAIN_SELF = YES;
				CLANG_WARN_OBJC_LITERAL_CONVERSION = YES;
				CLANG_WARN_OBJC_ROOT_CLASS = YES_ERROR;
				CLANG_WARN_QUOTED_INCLUDE_IN_FRAMEWORK_HEADER = YES;
				CLANG_WARN_RANGE_LOOP_ANALYSIS = YES;
				CLANG_WARN_STRICT_PROTOTYPES = YES;
				CLANG_WARN_SUSPICIOUS_MOVE = YES;
				CLANG_WARN_UNGUARDED_AVAILABILITY = YES_AGGRESSIVE;
				CLANG_WARN_UNREACHABLE_CODE = YES;
				CLANG_WARN__DUPLICATE_METHOD_MATCH = YES;
				COPY_PHASE_STRIP = NO;
				DEBUG_INFORMATION_FORMAT = dwarf;
				ENABLE_STRICT_OBJC_MSGSEND = YES;
				ENABLE_TESTABILITY = YES;
				GCC_C_LANGUAGE_STANDARD = gnu11;
				GCC_DYNAMIC_NO_PIC = NO;
				GCC_NO_COMMON_BLOCKS = YES;
				GCC_OPTIMIZATION_LEVEL = 0;
				GCC_PREPROCESSOR_DEFINITIONS = (
					"DEBUG=1",
					"$(inherited)",
				);
				GCC_WARN_64_TO_32_BIT_CONVERSION = YES;
				GCC_WARN_ABOUT_RETURN_TYPE = YES_ERROR;
				GCC_WARN_UNDECLARED_SELECTOR = YES;
				GCC_WARN_UNINITIALIZED_AUTOS = YES_AGGRESSIVE;
				GCC_WARN_UNUSED_FUNCTION = YES;
				GCC_WARN_UNUSED_VARIABLE = YES;
				IPHONEOS_DEPLOYMENT_TARGET = 15.2;
				MTL_ENABLE_DEBUG_INFO = INCLUDE_SOURCE;
				MTL_FAST_MATH = YES;
				ONLY_ACTIVE_ARCH = YES;
				SDKROOT = iphoneos;
				SWIFT_ACTIVE_COMPILATION_CONDITIONS = DEBUG;
				SWIFT_OPTIMIZATION_LEVEL = "-Onone";
			};
			name = Debug;
		};
		509FE9B12812595D00F1E35B /* Release */ = {
			isa = XCBuildConfiguration;
			buildSettings = {
				ALWAYS_SEARCH_USER_PATHS = NO;
				CLANG_ANALYZER_NONNULL = YES;
				CLANG_ANALYZER_NUMBER_OBJECT_CONVERSION = YES_AGGRESSIVE;
				CLANG_CXX_LANGUAGE_STANDARD = "gnu++17";
				CLANG_CXX_LIBRARY = "libc++";
				CLANG_ENABLE_MODULES = YES;
				CLANG_ENABLE_OBJC_ARC = YES;
				CLANG_ENABLE_OBJC_WEAK = YES;
				CLANG_WARN_BLOCK_CAPTURE_AUTORELEASING = YES;
				CLANG_WARN_BOOL_CONVERSION = YES;
				CLANG_WARN_COMMA = YES;
				CLANG_WARN_CONSTANT_CONVERSION = YES;
				CLANG_WARN_DEPRECATED_OBJC_IMPLEMENTATIONS = YES;
				CLANG_WARN_DIRECT_OBJC_ISA_USAGE = YES_ERROR;
				CLANG_WARN_DOCUMENTATION_COMMENTS = YES;
				CLANG_WARN_EMPTY_BODY = YES;
				CLANG_WARN_ENUM_CONVERSION = YES;
				CLANG_WARN_INFINITE_RECURSION = YES;
				CLANG_WARN_INT_CONVERSION = YES;
				CLANG_WARN_NON_LITERAL_NULL_CONVERSION = YES;
				CLANG_WARN_OBJC_IMPLICIT_RETAIN_SELF = YES;
				CLANG_WARN_OBJC_LITERAL_CONVERSION = YES;
				CLANG_WARN_OBJC_ROOT_CLASS = YES_ERROR;
				CLANG_WARN_QUOTED_INCLUDE_IN_FRAMEWORK_HEADER = YES;
				CLANG_WARN_RANGE_LOOP_ANALYSIS = YES;
				CLANG_WARN_STRICT_PROTOTYPES = YES;
				CLANG_WARN_SUSPICIOUS_MOVE = YES;
				CLANG_WARN_UNGUARDED_AVAILABILITY = YES_AGGRESSIVE;
				CLANG_WARN_UNREACHABLE_CODE = YES;
				CLANG_WARN__DUPLICATE_METHOD_MATCH = YES;
				COPY_PHASE_STRIP = NO;
				DEBUG_INFORMATION_FORMAT = "dwarf-with-dsym";
				ENABLE_NS_ASSERTIONS = NO;
				ENABLE_STRICT_OBJC_MSGSEND = YES;
				GCC_C_LANGUAGE_STANDARD = gnu11;
				GCC_NO_COMMON_BLOCKS = YES;
				GCC_WARN_64_TO_32_BIT_CONVERSION = YES;
				GCC_WARN_ABOUT_RETURN_TYPE = YES_ERROR;
				GCC_WARN_UNDECLARED_SELECTOR = YES;
				GCC_WARN_UNINITIALIZED_AUTOS = YES_AGGRESSIVE;
				GCC_WARN_UNUSED_FUNCTION = YES;
				GCC_WARN_UNUSED_VARIABLE = YES;
				IPHONEOS_DEPLOYMENT_TARGET = 15.2;
				MTL_ENABLE_DEBUG_INFO = NO;
				MTL_FAST_MATH = YES;
				SDKROOT = iphoneos;
				SWIFT_COMPILATION_MODE = wholemodule;
				SWIFT_OPTIMIZATION_LEVEL = "-O";
				VALIDATE_PRODUCT = YES;
			};
			name = Release;
		};
		509FE9B32812595D00F1E35B /* Debug */ = {
			isa = XCBuildConfiguration;
			buildSettings = {
				ASSETCATALOG_COMPILER_APPICON_NAME = AppIcon;
				ASSETCATALOG_COMPILER_GLOBAL_ACCENT_COLOR_NAME = AccentColor;
				CODE_SIGN_STYLE = Automatic;
				CURRENT_PROJECT_VERSION = 1;
				DEVELOPMENT_TEAM = C4JKJV6DA8;
				GENERATE_INFOPLIST_FILE = YES;
				INFOPLIST_FILE = ApplicationNavigationExample/Info.plist;
				INFOPLIST_KEY_UIApplicationSupportsIndirectInputEvents = YES;
				INFOPLIST_KEY_UILaunchStoryboardName = LaunchScreen;
				INFOPLIST_KEY_UIMainStoryboardFile = Main;
				INFOPLIST_KEY_UISupportedInterfaceOrientations_iPad = "UIInterfaceOrientationPortrait UIInterfaceOrientationPortraitUpsideDown UIInterfaceOrientationLandscapeLeft UIInterfaceOrientationLandscapeRight";
				INFOPLIST_KEY_UISupportedInterfaceOrientations_iPhone = "UIInterfaceOrientationPortrait UIInterfaceOrientationLandscapeLeft UIInterfaceOrientationLandscapeRight";
				LD_RUNPATH_SEARCH_PATHS = (
					"$(inherited)",
					"@executable_path/Frameworks",
				);
				MARKETING_VERSION = 1.0;
				PRODUCT_BUNDLE_IDENTIFIER = com.bubobubo.ApplicationNavigationExample;
				PRODUCT_NAME = "$(TARGET_NAME)";
				SWIFT_EMIT_LOC_STRINGS = YES;
				SWIFT_VERSION = 5.0;
				TARGETED_DEVICE_FAMILY = "1,2";
			};
			name = Debug;
		};
		509FE9B42812595D00F1E35B /* Release */ = {
			isa = XCBuildConfiguration;
			buildSettings = {
				ASSETCATALOG_COMPILER_APPICON_NAME = AppIcon;
				ASSETCATALOG_COMPILER_GLOBAL_ACCENT_COLOR_NAME = AccentColor;
				CODE_SIGN_STYLE = Automatic;
				CURRENT_PROJECT_VERSION = 1;
				DEVELOPMENT_TEAM = C4JKJV6DA8;
				GENERATE_INFOPLIST_FILE = YES;
				INFOPLIST_FILE = ApplicationNavigationExample/Info.plist;
				INFOPLIST_KEY_UIApplicationSupportsIndirectInputEvents = YES;
				INFOPLIST_KEY_UILaunchStoryboardName = LaunchScreen;
				INFOPLIST_KEY_UIMainStoryboardFile = Main;
				INFOPLIST_KEY_UISupportedInterfaceOrientations_iPad = "UIInterfaceOrientationPortrait UIInterfaceOrientationPortraitUpsideDown UIInterfaceOrientationLandscapeLeft UIInterfaceOrientationLandscapeRight";
				INFOPLIST_KEY_UISupportedInterfaceOrientations_iPhone = "UIInterfaceOrientationPortrait UIInterfaceOrientationLandscapeLeft UIInterfaceOrientationLandscapeRight";
				LD_RUNPATH_SEARCH_PATHS = (
					"$(inherited)",
					"@executable_path/Frameworks",
				);
				MARKETING_VERSION = 1.0;
				PRODUCT_BUNDLE_IDENTIFIER = com.bubobubo.ApplicationNavigationExample;
				PRODUCT_NAME = "$(TARGET_NAME)";
				SWIFT_EMIT_LOC_STRINGS = YES;
				SWIFT_VERSION = 5.0;
				TARGETED_DEVICE_FAMILY = "1,2";
			};
			name = Release;
		};
/* End XCBuildConfiguration section */

/* Begin XCConfigurationList section */
		509FE9992812595C00F1E35B /* Build configuration list for PBXProject "ApplicationNavigationExample" */ = {
			isa = XCConfigurationList;
			buildConfigurations = (
				509FE9B02812595D00F1E35B /* Debug */,
				509FE9B12812595D00F1E35B /* Release */,
			);
			defaultConfigurationIsVisible = 0;
			defaultConfigurationName = Release;
		};
		509FE9B22812595D00F1E35B /* Build configuration list for PBXNativeTarget "ApplicationNavigationExample" */ = {
			isa = XCConfigurationList;
			buildConfigurations = (
				509FE9B32812595D00F1E35B /* Debug */,
				509FE9B42812595D00F1E35B /* Release */,
			);
			defaultConfigurationIsVisible = 0;
			defaultConfigurationName = Release;
		};
/* End XCConfigurationList section */

/* Begin XCRemoteSwiftPackageReference section */
		509FE9E228125A0800F1E35B /* XCRemoteSwiftPackageReference "ApplicationNavigation" */ = {
			isa = XCRemoteSwiftPackageReference;
			repositoryURL = "https://github.com/LudvigShtirner/ApplicationNavigation.git";
			requirement = {
				branch = main;
				kind = branch;
			};
		};
/* End XCRemoteSwiftPackageReference section */

/* Begin XCSwiftPackageProductDependency section */
		509FE9E328125A0800F1E35B /* ApplicationNavigation */ = {
			isa = XCSwiftPackageProductDependency;
			package = 509FE9E228125A0800F1E35B /* XCRemoteSwiftPackageReference "ApplicationNavigation" */;
			productName = ApplicationNavigation;
		};
/* End XCSwiftPackageProductDependency section */
	};
	rootObject = 509FE9962812595C00F1E35B /* Project object */;
}
