// !$*UTF8*$!
{
	archiveVersion = 1;
	classes = {
	};
	objectVersion = 55;
	objects = {

/* Begin PBXBuildFile section */
		509FEA1C2812691800F1E35B /* AppDelegate.swift in Sources */ = {isa = PBXBuildFile; fileRef = 509FEA1B2812691800F1E35B /* AppDelegate.swift */; };
		509FEA252812691900F1E35B /* Assets.xcassets in Resources */ = {isa = PBXBuildFile; fileRef = 509FEA242812691900F1E35B /* Assets.xcassets */; };
		509FEA282812691900F1E35B /* LaunchScreen.storyboard in Resources */ = {isa = PBXBuildFile; fileRef = 509FEA262812691900F1E35B /* LaunchScreen.storyboard */; };
		509FEA312812695B00F1E35B /* SnapKit in Frameworks */ = {isa = PBXBuildFile; productRef = 509FEA302812695B00F1E35B /* SnapKit */; };
		509FEA342812697200F1E35B /* ApplicationNavigation in Frameworks */ = {isa = PBXBuildFile; productRef = 509FEA332812697200F1E35B /* ApplicationNavigation */; };
		509FEA522812699100F1E35B /* CommonLocalization.strings in Resources */ = {isa = PBXBuildFile; fileRef = 509FEA372812699000F1E35B /* CommonLocalization.strings */; };
		509FEA532812699100F1E35B /* CommonLocalization.swift in Sources */ = {isa = PBXBuildFile; fileRef = 509FEA392812699000F1E35B /* CommonLocalization.swift */; };
		509FEA542812699100F1E35B /* RootViewModelImpl.swift in Sources */ = {isa = PBXBuildFile; fileRef = 509FEA3D2812699000F1E35B /* RootViewModelImpl.swift */; };
		509FEA552812699100F1E35B /* RootViewModel.swift in Sources */ = {isa = PBXBuildFile; fileRef = 509FEA3E2812699000F1E35B /* RootViewModel.swift */; };
		509FEA562812699100F1E35B /* RootViewController.swift in Sources */ = {isa = PBXBuildFile; fileRef = 509FEA402812699000F1E35B /* RootViewController.swift */; };
		509FEA572812699100F1E35B /* RootLocalization.swift in Sources */ = {isa = PBXBuildFile; fileRef = 509FEA422812699000F1E35B /* RootLocalization.swift */; };
		509FEA582812699100F1E35B /* RootLocalization.strings in Resources */ = {isa = PBXBuildFile; fileRef = 509FEA432812699000F1E35B /* RootLocalization.strings */; };
		509FEA592812699100F1E35B /* RootFlowFactory.swift in Sources */ = {isa = PBXBuildFile; fileRef = 509FEA462812699000F1E35B /* RootFlowFactory.swift */; };
		509FEA5A2812699100F1E35B /* RootCoordinator.swift in Sources */ = {isa = PBXBuildFile; fileRef = 509FEA472812699000F1E35B /* RootCoordinator.swift */; };
		509FEA5B2812699100F1E35B /* RootModuleFactory.swift in Sources */ = {isa = PBXBuildFile; fileRef = 509FEA482812699000F1E35B /* RootModuleFactory.swift */; };
		509FEA5C2812699100F1E35B /* ChildViewModelImpl.swift in Sources */ = {isa = PBXBuildFile; fileRef = 509FEA4B2812699100F1E35B /* ChildViewModelImpl.swift */; };
		509FEA5D2812699100F1E35B /* ChildViewModel.swift in Sources */ = {isa = PBXBuildFile; fileRef = 509FEA4C2812699100F1E35B /* ChildViewModel.swift */; };
		509FEA5E2812699100F1E35B /* ChildViewController.swift in Sources */ = {isa = PBXBuildFile; fileRef = 509FEA4E2812699100F1E35B /* ChildViewController.swift */; };
		509FEA5F2812699100F1E35B /* ChildCoordinator.swift in Sources */ = {isa = PBXBuildFile; fileRef = 509FEA4F2812699100F1E35B /* ChildCoordinator.swift */; };
		509FEA602812699100F1E35B /* ChildFlowFactory.swift in Sources */ = {isa = PBXBuildFile; fileRef = 509FEA502812699100F1E35B /* ChildFlowFactory.swift */; };
		509FEA612812699100F1E35B /* ChildModuleFactory.swift in Sources */ = {isa = PBXBuildFile; fileRef = 509FEA512812699100F1E35B /* ChildModuleFactory.swift */; };
/* End PBXBuildFile section */

/* Begin PBXFileReference section */
		509FEA182812691800F1E35B /* ApplicationNavigationExample.app */ = {isa = PBXFileReference; explicitFileType = wrapper.application; includeInIndex = 0; path = ApplicationNavigationExample.app; sourceTree = BUILT_PRODUCTS_DIR; };
		509FEA1B2812691800F1E35B /* AppDelegate.swift */ = {isa = PBXFileReference; lastKnownFileType = sourcecode.swift; path = AppDelegate.swift; sourceTree = "<group>"; };
		509FEA242812691900F1E35B /* Assets.xcassets */ = {isa = PBXFileReference; lastKnownFileType = folder.assetcatalog; path = Assets.xcassets; sourceTree = "<group>"; };
		509FEA272812691900F1E35B /* Base */ = {isa = PBXFileReference; lastKnownFileType = file.storyboard; name = Base; path = Base.lproj/LaunchScreen.storyboard; sourceTree = "<group>"; };
		509FEA292812691900F1E35B /* Info.plist */ = {isa = PBXFileReference; lastKnownFileType = text.plist.xml; path = Info.plist; sourceTree = "<group>"; };
		509FEA382812699000F1E35B /* en */ = {isa = PBXFileReference; lastKnownFileType = text.plist.strings; name = en; path = en.lproj/CommonLocalization.strings; sourceTree = "<group>"; };
		509FEA392812699000F1E35B /* CommonLocalization.swift */ = {isa = PBXFileReference; fileEncoding = 4; lastKnownFileType = sourcecode.swift; path = CommonLocalization.swift; sourceTree = "<group>"; };
		509FEA3A2812699000F1E35B /* ru */ = {isa = PBXFileReference; lastKnownFileType = text.plist.strings; name = ru; path = ru.lproj/CommonLocalization.strings; sourceTree = "<group>"; };
		509FEA3D2812699000F1E35B /* RootViewModelImpl.swift */ = {isa = PBXFileReference; fileEncoding = 4; lastKnownFileType = sourcecode.swift; path = RootViewModelImpl.swift; sourceTree = "<group>"; };
		509FEA3E2812699000F1E35B /* RootViewModel.swift */ = {isa = PBXFileReference; fileEncoding = 4; lastKnownFileType = sourcecode.swift; path = RootViewModel.swift; sourceTree = "<group>"; };
		509FEA402812699000F1E35B /* RootViewController.swift */ = {isa = PBXFileReference; fileEncoding = 4; lastKnownFileType = sourcecode.swift; path = RootViewController.swift; sourceTree = "<group>"; };
		509FEA422812699000F1E35B /* RootLocalization.swift */ = {isa = PBXFileReference; fileEncoding = 4; lastKnownFileType = sourcecode.swift; path = RootLocalization.swift; sourceTree = "<group>"; };
		509FEA442812699000F1E35B /* en */ = {isa = PBXFileReference; lastKnownFileType = text.plist.strings; name = en; path = en.lproj/RootLocalization.strings; sourceTree = "<group>"; };
		509FEA452812699000F1E35B /* ru */ = {isa = PBXFileReference; lastKnownFileType = text.plist.strings; name = ru; path = ru.lproj/RootLocalization.strings; sourceTree = "<group>"; };
		509FEA462812699000F1E35B /* RootFlowFactory.swift */ = {isa = PBXFileReference; fileEncoding = 4; lastKnownFileType = sourcecode.swift; path = RootFlowFactory.swift; sourceTree = "<group>"; };
		509FEA472812699000F1E35B /* RootCoordinator.swift */ = {isa = PBXFileReference; fileEncoding = 4; lastKnownFileType = sourcecode.swift; path = RootCoordinator.swift; sourceTree = "<group>"; };
		509FEA482812699000F1E35B /* RootModuleFactory.swift */ = {isa = PBXFileReference; fileEncoding = 4; lastKnownFileType = sourcecode.swift; path = RootModuleFactory.swift; sourceTree = "<group>"; };
		509FEA4B2812699100F1E35B /* ChildViewModelImpl.swift */ = {isa = PBXFileReference; fileEncoding = 4; lastKnownFileType = sourcecode.swift; path = ChildViewModelImpl.swift; sourceTree = "<group>"; };
		509FEA4C2812699100F1E35B /* ChildViewModel.swift */ = {isa = PBXFileReference; fileEncoding = 4; lastKnownFileType = sourcecode.swift; path = ChildViewModel.swift; sourceTree = "<group>"; };
		509FEA4E2812699100F1E35B /* ChildViewController.swift */ = {isa = PBXFileReference; fileEncoding = 4; lastKnownFileType = sourcecode.swift; path = ChildViewController.swift; sourceTree = "<group>"; };
		509FEA4F2812699100F1E35B /* ChildCoordinator.swift */ = {isa = PBXFileReference; fileEncoding = 4; lastKnownFileType = sourcecode.swift; path = ChildCoordinator.swift; sourceTree = "<group>"; };
		509FEA502812699100F1E35B /* ChildFlowFactory.swift */ = {isa = PBXFileReference; fileEncoding = 4; lastKnownFileType = sourcecode.swift; path = ChildFlowFactory.swift; sourceTree = "<group>"; };
		509FEA512812699100F1E35B /* ChildModuleFactory.swift */ = {isa = PBXFileReference; fileEncoding = 4; lastKnownFileType = sourcecode.swift; path = ChildModuleFactory.swift; sourceTree = "<group>"; };
/* End PBXFileReference section */

/* Begin PBXFrameworksBuildPhase section */
		509FEA152812691800F1E35B /* Frameworks */ = {
			isa = PBXFrameworksBuildPhase;
			buildActionMask = 2147483647;
			files = (
				509FEA312812695B00F1E35B /* SnapKit in Frameworks */,
				509FEA342812697200F1E35B /* ApplicationNavigation in Frameworks */,
			);
			runOnlyForDeploymentPostprocessing = 0;
		};
/* End PBXFrameworksBuildPhase section */

/* Begin PBXGroup section */
		509FEA0F2812691800F1E35B = {
			isa = PBXGroup;
			children = (
				509FEA1A2812691800F1E35B /* ApplicationNavigationExample */,
				509FEA192812691800F1E35B /* Products */,
			);
			sourceTree = "<group>";
		};
		509FEA192812691800F1E35B /* Products */ = {
			isa = PBXGroup;
			children = (
				509FEA182812691800F1E35B /* ApplicationNavigationExample.app */,
			);
			name = Products;
			sourceTree = "<group>";
		};
		509FEA1A2812691800F1E35B /* ApplicationNavigationExample */ = {
			isa = PBXGroup;
			children = (
				509FEA1B2812691800F1E35B /* AppDelegate.swift */,
				509FEA492812699100F1E35B /* Child */,
				509FEA352812699000F1E35B /* Common */,
				509FEA3B2812699000F1E35B /* Root */,
				509FEA242812691900F1E35B /* Assets.xcassets */,
				509FEA292812691900F1E35B /* Info.plist */,
				509FEA262812691900F1E35B /* LaunchScreen.storyboard */,
			);
			path = ApplicationNavigationExample;
			sourceTree = "<group>";
		};
		509FEA352812699000F1E35B /* Common */ = {
			isa = PBXGroup;
			children = (
				509FEA362812699000F1E35B /* Localization */,
			);
			path = Common;
			sourceTree = "<group>";
		};
		509FEA362812699000F1E35B /* Localization */ = {
			isa = PBXGroup;
			children = (
				509FEA372812699000F1E35B /* CommonLocalization.strings */,
				509FEA392812699000F1E35B /* CommonLocalization.swift */,
			);
			path = Localization;
			sourceTree = "<group>";
		};
		509FEA3B2812699000F1E35B /* Root */ = {
			isa = PBXGroup;
			children = (
				509FEA472812699000F1E35B /* RootCoordinator.swift */,
				509FEA462812699000F1E35B /* RootFlowFactory.swift */,
				509FEA482812699000F1E35B /* RootModuleFactory.swift */,
				509FEA3F2812699000F1E35B /* UI */,
				509FEA3C2812699000F1E35B /* ViewModel */,
			);
			path = Root;
			sourceTree = "<group>";
		};
		509FEA3C2812699000F1E35B /* ViewModel */ = {
			isa = PBXGroup;
			children = (
				509FEA3E2812699000F1E35B /* RootViewModel.swift */,
				509FEA3D2812699000F1E35B /* RootViewModelImpl.swift */,
			);
			path = ViewModel;
			sourceTree = "<group>";
		};
		509FEA3F2812699000F1E35B /* UI */ = {
			isa = PBXGroup;
			children = (
				509FEA412812699000F1E35B /* Resources */,
				509FEA402812699000F1E35B /* RootViewController.swift */,
			);
			path = UI;
			sourceTree = "<group>";
		};
		509FEA412812699000F1E35B /* Resources */ = {
			isa = PBXGroup;
			children = (
				509FEA422812699000F1E35B /* RootLocalization.swift */,
				509FEA432812699000F1E35B /* RootLocalization.strings */,
			);
			path = Resources;
			sourceTree = "<group>";
		};
		509FEA492812699100F1E35B /* Child */ = {
			isa = PBXGroup;
			children = (
				509FEA4F2812699100F1E35B /* ChildCoordinator.swift */,
				509FEA502812699100F1E35B /* ChildFlowFactory.swift */,
				509FEA512812699100F1E35B /* ChildModuleFactory.swift */,
				509FEA4D2812699100F1E35B /* UI */,
				509FEA4A2812699100F1E35B /* ViewModel */,
			);
			path = Child;
			sourceTree = "<group>";
		};
		509FEA4A2812699100F1E35B /* ViewModel */ = {
			isa = PBXGroup;
			children = (
				509FEA4C2812699100F1E35B /* ChildViewModel.swift */,
				509FEA4B2812699100F1E35B /* ChildViewModelImpl.swift */,
			);
			path = ViewModel;
			sourceTree = "<group>";
		};
		509FEA4D2812699100F1E35B /* UI */ = {
			isa = PBXGroup;
			children = (
				509FEA4E2812699100F1E35B /* ChildViewController.swift */,
			);
			path = UI;
			sourceTree = "<group>";
		};
/* End PBXGroup section */

/* Begin PBXNativeTarget section */
		509FEA172812691800F1E35B /* ApplicationNavigationExample */ = {
			isa = PBXNativeTarget;
			buildConfigurationList = 509FEA2C2812691900F1E35B /* Build configuration list for PBXNativeTarget "ApplicationNavigationExample" */;
			buildPhases = (
				509FEA142812691800F1E35B /* Sources */,
				509FEA152812691800F1E35B /* Frameworks */,
				509FEA162812691800F1E35B /* Resources */,
			);
			buildRules = (
			);
			dependencies = (
			);
			name = ApplicationNavigationExample;
			packageProductDependencies = (
				509FEA302812695B00F1E35B /* SnapKit */,
				509FEA332812697200F1E35B /* ApplicationNavigation */,
			);
			productName = ApplicationNavigationExample;
			productReference = 509FEA182812691800F1E35B /* ApplicationNavigationExample.app */;
			productType = "com.apple.product-type.application";
		};
/* End PBXNativeTarget section */

/* Begin PBXProject section */
		509FEA102812691800F1E35B /* Project object */ = {
			isa = PBXProject;
			attributes = {
				BuildIndependentTargetsInParallel = 1;
				LastSwiftUpdateCheck = 1320;
				LastUpgradeCheck = 1410;
				TargetAttributes = {
					509FEA172812691800F1E35B = {
						CreatedOnToolsVersion = 13.2.1;
					};
				};
			};
			buildConfigurationList = 509FEA132812691800F1E35B /* Build configuration list for PBXProject "ApplicationNavigationExample" */;
			compatibilityVersion = "Xcode 13.0";
			developmentRegion = en;
			hasScannedForEncodings = 0;
			knownRegions = (
				en,
				Base,
				ru,
			);
			mainGroup = 509FEA0F2812691800F1E35B;
			packageReferences = (
				509FEA2F2812695B00F1E35B /* XCRemoteSwiftPackageReference "SnapKit" */,
				509FEA322812697200F1E35B /* XCRemoteSwiftPackageReference "ApplicationNavigation" */,
			);
			productRefGroup = 509FEA192812691800F1E35B /* Products */;
			projectDirPath = "";
			projectRoot = "";
			targets = (
				509FEA172812691800F1E35B /* ApplicationNavigationExample */,
			);
		};
/* End PBXProject section */

/* Begin PBXResourcesBuildPhase section */
		509FEA162812691800F1E35B /* Resources */ = {
			isa = PBXResourcesBuildPhase;
			buildActionMask = 2147483647;
			files = (
				509FEA522812699100F1E35B /* CommonLocalization.strings in Resources */,
				509FEA282812691900F1E35B /* LaunchScreen.storyboard in Resources */,
				509FEA252812691900F1E35B /* Assets.xcassets in Resources */,
				509FEA582812699100F1E35B /* RootLocalization.strings in Resources */,
			);
			runOnlyForDeploymentPostprocessing = 0;
		};
/* End PBXResourcesBuildPhase section */

/* Begin PBXSourcesBuildPhase section */
		509FEA142812691800F1E35B /* Sources */ = {
			isa = PBXSourcesBuildPhase;
			buildActionMask = 2147483647;
			files = (
				509FEA592812699100F1E35B /* RootFlowFactory.swift in Sources */,
				509FEA5A2812699100F1E35B /* RootCoordinator.swift in Sources */,
				509FEA532812699100F1E35B /* CommonLocalization.swift in Sources */,
				509FEA542812699100F1E35B /* RootViewModelImpl.swift in Sources */,
				509FEA602812699100F1E35B /* ChildFlowFactory.swift in Sources */,
				509FEA5D2812699100F1E35B /* ChildViewModel.swift in Sources */,
				509FEA5C2812699100F1E35B /* ChildViewModelImpl.swift in Sources */,
				509FEA5E2812699100F1E35B /* ChildViewController.swift in Sources */,
				509FEA562812699100F1E35B /* RootViewController.swift in Sources */,
				509FEA5B2812699100F1E35B /* RootModuleFactory.swift in Sources */,
				509FEA1C2812691800F1E35B /* AppDelegate.swift in Sources */,
				509FEA552812699100F1E35B /* RootViewModel.swift in Sources */,
				509FEA572812699100F1E35B /* RootLocalization.swift in Sources */,
				509FEA5F2812699100F1E35B /* ChildCoordinator.swift in Sources */,
				509FEA612812699100F1E35B /* ChildModuleFactory.swift in Sources */,
			);
			runOnlyForDeploymentPostprocessing = 0;
		};
/* End PBXSourcesBuildPhase section */

/* Begin PBXVariantGroup section */
		509FEA262812691900F1E35B /* LaunchScreen.storyboard */ = {
			isa = PBXVariantGroup;
			children = (
				509FEA272812691900F1E35B /* Base */,
			);
			name = LaunchScreen.storyboard;
			sourceTree = "<group>";
		};
		509FEA372812699000F1E35B /* CommonLocalization.strings */ = {
			isa = PBXVariantGroup;
			children = (
				509FEA382812699000F1E35B /* en */,
				509FEA3A2812699000F1E35B /* ru */,
			);
			name = CommonLocalization.strings;
			sourceTree = "<group>";
		};
		509FEA432812699000F1E35B /* RootLocalization.strings */ = {
			isa = PBXVariantGroup;
			children = (
				509FEA442812699000F1E35B /* en */,
				509FEA452812699000F1E35B /* ru */,
			);
			name = RootLocalization.strings;
			sourceTree = "<group>";
		};
/* End PBXVariantGroup section */

/* Begin XCBuildConfiguration section */
		509FEA2A2812691900F1E35B /* Debug */ = {
			isa = XCBuildConfiguration;
			buildSettings = {
				ALWAYS_SEARCH_USER_PATHS = NO;
				CLANG_ANALYZER_LOCALIZABILITY_NONLOCALIZED = YES;
				CLANG_ANALYZER_NONNULL = YES;
				CLANG_ANALYZER_NUMBER_OBJECT_CONVERSION = YES_AGGRESSIVE;
				CLANG_CXX_LANGUAGE_STANDARD = "gnu++17";
				CLANG_CXX_LIBRARY = "libc++";
				CLANG_ENABLE_MODULES = YES;
				CLANG_ENABLE_OBJC_ARC = YES;
				CLANG_ENABLE_OBJC_WEAK = YES;
				CLANG_WARN_BLOCK_CAPTURE_AUTORELEASING = YES;
				CLANG_WARN_BOOL_CONVERSION = YES;
				CLANG_WARN_COMMA = YES;
				CLANG_WARN_CONSTANT_CONVERSION = YES;
				CLANG_WARN_DEPRECATED_OBJC_IMPLEMENTATIONS = YES;
				CLANG_WARN_DIRECT_OBJC_ISA_USAGE = YES_ERROR;
				CLANG_WARN_DOCUMENTATION_COMMENTS = YES;
				CLANG_WARN_EMPTY_BODY = YES;
				CLANG_WARN_ENUM_CONVERSION = YES;
				CLANG_WARN_INFINITE_RECURSION = YES;
				CLANG_WARN_INT_CONVERSION = YES;
				CLANG_WARN_NON_LITERAL_NULL_CONVERSION = YES;
				CLANG_WARN_OBJC_IMPLICIT_RETAIN_SELF = YES;
				CLANG_WARN_OBJC_LITERAL_CONVERSION = YES;
				CLANG_WARN_OBJC_ROOT_CLASS = YES_ERROR;
				CLANG_WARN_QUOTED_INCLUDE_IN_FRAMEWORK_HEADER = YES;
				CLANG_WARN_RANGE_LOOP_ANALYSIS = YES;
				CLANG_WARN_STRICT_PROTOTYPES = YES;
				CLANG_WARN_SUSPICIOUS_MOVE = YES;
				CLANG_WARN_UNGUARDED_AVAILABILITY = YES_AGGRESSIVE;
				CLANG_WARN_UNREACHABLE_CODE = YES;
				CLANG_WARN__DUPLICATE_METHOD_MATCH = YES;
				COPY_PHASE_STRIP = NO;
				DEBUG_INFORMATION_FORMAT = dwarf;
				ENABLE_STRICT_OBJC_MSGSEND = YES;
				ENABLE_TESTABILITY = YES;
				GCC_C_LANGUAGE_STANDARD = gnu11;
				GCC_DYNAMIC_NO_PIC = NO;
				GCC_NO_COMMON_BLOCKS = YES;
				GCC_OPTIMIZATION_LEVEL = 0;
				GCC_PREPROCESSOR_DEFINITIONS = (
					"DEBUG=1",
					"$(inherited)",
				);
				GCC_WARN_64_TO_32_BIT_CONVERSION = YES;
				GCC_WARN_ABOUT_RETURN_TYPE = YES_ERROR;
				GCC_WARN_UNDECLARED_SELECTOR = YES;
				GCC_WARN_UNINITIALIZED_AUTOS = YES_AGGRESSIVE;
				GCC_WARN_UNUSED_FUNCTION = YES;
				GCC_WARN_UNUSED_VARIABLE = YES;
				IPHONEOS_DEPLOYMENT_TARGET = 13.0;
				MTL_ENABLE_DEBUG_INFO = INCLUDE_SOURCE;
				MTL_FAST_MATH = YES;
				ONLY_ACTIVE_ARCH = YES;
				SDKROOT = iphoneos;
				SWIFT_ACTIVE_COMPILATION_CONDITIONS = DEBUG;
				SWIFT_OPTIMIZATION_LEVEL = "-Onone";
			};
			name = Debug;
		};
		509FEA2B2812691900F1E35B /* Release */ = {
			isa = XCBuildConfiguration;
			buildSettings = {
				ALWAYS_SEARCH_USER_PATHS = NO;
				CLANG_ANALYZER_LOCALIZABILITY_NONLOCALIZED = YES;
				CLANG_ANALYZER_NONNULL = YES;
				CLANG_ANALYZER_NUMBER_OBJECT_CONVERSION = YES_AGGRESSIVE;
				CLANG_CXX_LANGUAGE_STANDARD = "gnu++17";
				CLANG_CXX_LIBRARY = "libc++";
				CLANG_ENABLE_MODULES = YES;
				CLANG_ENABLE_OBJC_ARC = YES;
				CLANG_ENABLE_OBJC_WEAK = YES;
				CLANG_WARN_BLOCK_CAPTURE_AUTORELEASING = YES;
				CLANG_WARN_BOOL_CONVERSION = YES;
				CLANG_WARN_COMMA = YES;
				CLANG_WARN_CONSTANT_CONVERSION = YES;
				CLANG_WARN_DEPRECATED_OBJC_IMPLEMENTATIONS = YES;
				CLANG_WARN_DIRECT_OBJC_ISA_USAGE = YES_ERROR;
				CLANG_WARN_DOCUMENTATION_COMMENTS = YES;
				CLANG_WARN_EMPTY_BODY = YES;
				CLANG_WARN_ENUM_CONVERSION = YES;
				CLANG_WARN_INFINITE_RECURSION = YES;
				CLANG_WARN_INT_CONVERSION = YES;
				CLANG_WARN_NON_LITERAL_NULL_CONVERSION = YES;
				CLANG_WARN_OBJC_IMPLICIT_RETAIN_SELF = YES;
				CLANG_WARN_OBJC_LITERAL_CONVERSION = YES;
				CLANG_WARN_OBJC_ROOT_CLASS = YES_ERROR;
				CLANG_WARN_QUOTED_INCLUDE_IN_FRAMEWORK_HEADER = YES;
				CLANG_WARN_RANGE_LOOP_ANALYSIS = YES;
				CLANG_WARN_STRICT_PROTOTYPES = YES;
				CLANG_WARN_SUSPICIOUS_MOVE = YES;
				CLANG_WARN_UNGUARDED_AVAILABILITY = YES_AGGRESSIVE;
				CLANG_WARN_UNREACHABLE_CODE = YES;
				CLANG_WARN__DUPLICATE_METHOD_MATCH = YES;
				COPY_PHASE_STRIP = NO;
				DEBUG_INFORMATION_FORMAT = "dwarf-with-dsym";
				ENABLE_NS_ASSERTIONS = NO;
				ENABLE_STRICT_OBJC_MSGSEND = YES;
				GCC_C_LANGUAGE_STANDARD = gnu11;
				GCC_NO_COMMON_BLOCKS = YES;
				GCC_WARN_64_TO_32_BIT_CONVERSION = YES;
				GCC_WARN_ABOUT_RETURN_TYPE = YES_ERROR;
				GCC_WARN_UNDECLARED_SELECTOR = YES;
				GCC_WARN_UNINITIALIZED_AUTOS = YES_AGGRESSIVE;
				GCC_WARN_UNUSED_FUNCTION = YES;
				GCC_WARN_UNUSED_VARIABLE = YES;
				IPHONEOS_DEPLOYMENT_TARGET = 13.0;
				MTL_ENABLE_DEBUG_INFO = NO;
				MTL_FAST_MATH = YES;
				SDKROOT = iphoneos;
				SWIFT_COMPILATION_MODE = wholemodule;
				SWIFT_OPTIMIZATION_LEVEL = "-O";
				VALIDATE_PRODUCT = YES;
			};
			name = Release;
		};
		509FEA2D2812691900F1E35B /* Debug */ = {
			isa = XCBuildConfiguration;
			buildSettings = {
				ASSETCATALOG_COMPILER_APPICON_NAME = AppIcon;
				ASSETCATALOG_COMPILER_GLOBAL_ACCENT_COLOR_NAME = AccentColor;
				CODE_SIGN_STYLE = Automatic;
				CURRENT_PROJECT_VERSION = 1;
				DEVELOPMENT_TEAM = C4JKJV6DA8;
				GENERATE_INFOPLIST_FILE = YES;
				INFOPLIST_FILE = ApplicationNavigationExample/Info.plist;
				INFOPLIST_KEY_UIApplicationSupportsIndirectInputEvents = YES;
				INFOPLIST_KEY_UILaunchStoryboardName = LaunchScreen;
				INFOPLIST_KEY_UISupportedInterfaceOrientations_iPad = "UIInterfaceOrientationPortrait UIInterfaceOrientationPortraitUpsideDown UIInterfaceOrientationLandscapeLeft UIInterfaceOrientationLandscapeRight";
				INFOPLIST_KEY_UISupportedInterfaceOrientations_iPhone = "UIInterfaceOrientationPortrait UIInterfaceOrientationLandscapeLeft UIInterfaceOrientationLandscapeRight";
				IPHONEOS_DEPLOYMENT_TARGET = 13.0;
				LD_RUNPATH_SEARCH_PATHS = (
					"$(inherited)",
					"@executable_path/Frameworks",
				);
				MARKETING_VERSION = 1.0;
				PRODUCT_BUNDLE_IDENTIFIER = com.bubobubo.ApplicationNavigationExample;
				PRODUCT_NAME = "$(TARGET_NAME)";
				SWIFT_EMIT_LOC_STRINGS = YES;
				SWIFT_VERSION = 5.0;
				TARGETED_DEVICE_FAMILY = "1,2";
			};
			name = Debug;
		};
		509FEA2E2812691900F1E35B /* Release */ = {
			isa = XCBuildConfiguration;
			buildSettings = {
				ASSETCATALOG_COMPILER_APPICON_NAME = AppIcon;
				ASSETCATALOG_COMPILER_GLOBAL_ACCENT_COLOR_NAME = AccentColor;
				CODE_SIGN_STYLE = Automatic;
				CURRENT_PROJECT_VERSION = 1;
				DEVELOPMENT_TEAM = C4JKJV6DA8;
				GENERATE_INFOPLIST_FILE = YES;
				INFOPLIST_FILE = ApplicationNavigationExample/Info.plist;
				INFOPLIST_KEY_UIApplicationSupportsIndirectInputEvents = YES;
				INFOPLIST_KEY_UILaunchStoryboardName = LaunchScreen;
				INFOPLIST_KEY_UISupportedInterfaceOrientations_iPad = "UIInterfaceOrientationPortrait UIInterfaceOrientationPortraitUpsideDown UIInterfaceOrientationLandscapeLeft UIInterfaceOrientationLandscapeRight";
				INFOPLIST_KEY_UISupportedInterfaceOrientations_iPhone = "UIInterfaceOrientationPortrait UIInterfaceOrientationLandscapeLeft UIInterfaceOrientationLandscapeRight";
				IPHONEOS_DEPLOYMENT_TARGET = 13.0;
				LD_RUNPATH_SEARCH_PATHS = (
					"$(inherited)",
					"@executable_path/Frameworks",
				);
				MARKETING_VERSION = 1.0;
				PRODUCT_BUNDLE_IDENTIFIER = com.bubobubo.ApplicationNavigationExample;
				PRODUCT_NAME = "$(TARGET_NAME)";
				SWIFT_EMIT_LOC_STRINGS = YES;
				SWIFT_VERSION = 5.0;
				TARGETED_DEVICE_FAMILY = "1,2";
			};
			name = Release;
		};
/* End XCBuildConfiguration section */

/* Begin XCConfigurationList section */
		509FEA132812691800F1E35B /* Build configuration list for PBXProject "ApplicationNavigationExample" */ = {
			isa = XCConfigurationList;
			buildConfigurations = (
				509FEA2A2812691900F1E35B /* Debug */,
				509FEA2B2812691900F1E35B /* Release */,
			);
			defaultConfigurationIsVisible = 0;
			defaultConfigurationName = Release;
		};
		509FEA2C2812691900F1E35B /* Build configuration list for PBXNativeTarget "ApplicationNavigationExample" */ = {
			isa = XCConfigurationList;
			buildConfigurations = (
				509FEA2D2812691900F1E35B /* Debug */,
				509FEA2E2812691900F1E35B /* Release */,
			);
			defaultConfigurationIsVisible = 0;
			defaultConfigurationName = Release;
		};
/* End XCConfigurationList section */

/* Begin XCRemoteSwiftPackageReference section */
		509FEA2F2812695B00F1E35B /* XCRemoteSwiftPackageReference "SnapKit" */ = {
			isa = XCRemoteSwiftPackageReference;
			repositoryURL = "https://github.com/SnapKit/SnapKit";
			requirement = {
				kind = upToNextMajorVersion;
				minimumVersion = 5.0.0;
			};
		};
		509FEA322812697200F1E35B /* XCRemoteSwiftPackageReference "ApplicationNavigation" */ = {
			isa = XCRemoteSwiftPackageReference;
			repositoryURL = "https://github.com/LudvigShtirner/ApplicationNavigation.git";
			requirement = {
				branch = main;
				kind = branch;
			};
		};
/* End XCRemoteSwiftPackageReference section */

/* Begin XCSwiftPackageProductDependency section */
		509FEA302812695B00F1E35B /* SnapKit */ = {
			isa = XCSwiftPackageProductDependency;
			package = 509FEA2F2812695B00F1E35B /* XCRemoteSwiftPackageReference "SnapKit" */;
			productName = SnapKit;
		};
		509FEA332812697200F1E35B /* ApplicationNavigation */ = {
			isa = XCSwiftPackageProductDependency;
			package = 509FEA322812697200F1E35B /* XCRemoteSwiftPackageReference "ApplicationNavigation" */;
			productName = ApplicationNavigation;
		};
/* End XCSwiftPackageProductDependency section */
	};
	rootObject = 509FEA102812691800F1E35B /* Project object */;
}
