{
  "object": {
    "pins": [
      {
        "package": "ApplicationNavigation",
        "repositoryURL": "https://github.com/LudvigShtirner/ApplicationNavigation.git",
        "state": {
          "branch": "main",
          "revision": "d6f47d42fb6fcfef5390591cac432a89cddd165a",
          "version": null
        }
      }
    ]
  },
  "version": 1
}
