{
  "object": {
    "pins": [
      {
        "package": "SnapKit",
        "repositoryURL": "https://github.com/SnapKit/SnapKit",
        "state": {
          "branch": null,
          "revision": "f222cbdf325885926566172f6f5f06af95473158",
          "version": "5.6.0"
        }
      },
      {
        "package": "SupportCode",
        "repositoryURL": "https://github.com/LudvigShtirner/SupportCode.git",
        "state": {
          "branch": "main",
          "revision": "4f1c9da465161aad1dd997bd827ba1eacb0d49cd",
          "version": null
        }
      }
    ]
  },
  "version": 1
}
